
Microsoft Visual Studio Solution File, Format Version 12.00
Project("{2150E333-8FDC-42A3-9474-1A3956D46DE8}") = "PDF-Split-Orchestrator", "PDF-Split-Orchestrator", "{FD67E797-0539-455C-A75E-AF62EF85AD92}"
EndProject
Project("{2150E333-8FDC-42A3-9474-1A3956D46DE8}") = "PDF-Splitter", "PDF-Splitter", "{619C66F0-DA77-426B-94F6-DA03F723A292}"
EndProject
Project("{2150E333-8FDC-42A3-9474-1A3956D46DE8}") = "PDF-Split-Shared", "PDF-Split-Shared", "{659B6E8F-6538-442F-8397-69841E86FDA8}"
EndProject
Project("{FAE04EC0-301F-11D3-BF4B-00C04F79EFBC}") = "PDF-Split-Orchestrator-Application", "PDF-Split-Orchestrator-Application\PDF-Split-Orchestrator-Application.csproj", "{952718E9-7ACA-4485-9AAC-556EEC8CC4EA}"
EndProject
Project("{FAE04EC0-301F-11D3-BF4B-00C04F79EFBC}") = "PDF-Split-Orchestrator-Infrastructure", "PDF-Split-Orchestrator-Infrastructure\PDF-Split-Orchestrator-Infrastructure.csproj", "{C4C78101-CD72-45B7-AA0A-52EBA66A3531}"
EndProject
Project("{FAE04EC0-301F-11D3-BF4B-00C04F79EFBC}") = "PDF-Split-Orchestrator-Domain", "PDF-Split-Orchestrator-Domain\PDF-Split-Orchestrator-Domain.csproj", "{A6F275D5-2388-48CD-90CE-5E4AFF4E30D8}"
EndProject
Project("{FAE04EC0-301F-11D3-BF4B-00C04F79EFBC}") = "PDF-Split-Orchestrator-Api", "PDF-Split-Orchestrator-Api\PDF-Split-Orchestrator-Api.csproj", "{53187342-128F-4318-B4D9-2AFFF7D8FF41}"
EndProject
Project("{FAE04EC0-301F-11D3-BF4B-00C04F79EFBC}") = "PDF-Split-Shared-Api", "PDF-Split-Shared-Api\PDF-Split-Shared-Api.csproj", "{C5394D23-FB5A-43DF-A5BA-6CAC51E06A93}"
EndProject
Project("{FAE04EC0-301F-11D3-BF4B-00C04F79EFBC}") = "PDF-Split-Shared-Application", "PDF-Split-Shared-Application\PDF-Split-Shared-Application.csproj", "{7457F0B9-CD06-49CD-AF99-5DD89BDE5DBB}"
EndProject
Project("{FAE04EC0-301F-11D3-BF4B-00C04F79EFBC}") = "PDF-Split-Shared-Infrastructure", "PDF-Split-Shared-Infrastructure\PDF-Split-Shared-Infrastructure.csproj", "{1AF04CBF-7F74-4E29-9B71-850631E69B5F}"
EndProject
Project("{FAE04EC0-301F-11D3-BF4B-00C04F79EFBC}") = "PDF-Split-Shared-Domain", "PDF-Split-Shared-Domain\PDF-Split-Shared-Domain.csproj", "{1A1B65C4-27FE-45FA-8FC4-4B4EE90BA58F}"
EndProject
Project("{FAE04EC0-301F-11D3-BF4B-00C04F79EFBC}") = "PDF-Splitter-Domain", "PDF-Splitter-Domain\PDF-Splitter-Domain.csproj", "{A38FBFC9-C2DE-449D-A904-90A2E22D3FDE}"
EndProject
Project("{FAE04EC0-301F-11D3-BF4B-00C04F79EFBC}") = "PDF-Splitter-Infrastructure", "PDF-Splitter-Infrastructure\PDF-Splitter-Infrastructure.csproj", "{5A816A60-5B21-45CA-A9A6-1E875785B768}"
EndProject
Project("{FAE04EC0-301F-11D3-BF4B-00C04F79EFBC}") = "PDF-Splitter-Application", "PDF-Splitter-Application\PDF-Splitter-Application.csproj", "{521EFAB2-1E18-4186-A467-131EB18E4C78}"
EndProject
Project("{FAE04EC0-301F-11D3-BF4B-00C04F79EFBC}") = "PDF-Splitter-Api", "PDF-Splitter-Api\PDF-Splitter-Api.csproj", "{3671EA94-C3F5-49FF-A5FF-26ECFA04489A}"
EndProject
Project("{FAE04EC0-301F-11D3-BF4B-00C04F79EFBC}") = "PDF-Split-Orchestrator-Shared", "PDF-Split-Orchestrator-Shared\PDF-Split-Orchestrator-Shared.csproj", "{B6021A9B-9148-493F-9E34-33541E929B8C}"
EndProject
Global
	GlobalSection(SolutionConfigurationPlatforms) = preSolution
		Debug|Any CPU = Debug|Any CPU
		Release|Any CPU = Release|Any CPU
	EndGlobalSection
	GlobalSection(NestedProjects) = preSolution
		{952718E9-7ACA-4485-9AAC-556EEC8CC4EA} = {FD67E797-0539-455C-A75E-AF62EF85AD92}
		{C4C78101-CD72-45B7-AA0A-52EBA66A3531} = {FD67E797-0539-455C-A75E-AF62EF85AD92}
		{A6F275D5-2388-48CD-90CE-5E4AFF4E30D8} = {FD67E797-0539-455C-A75E-AF62EF85AD92}
		{53187342-128F-4318-B4D9-2AFFF7D8FF41} = {FD67E797-0539-455C-A75E-AF62EF85AD92}
		{C5394D23-FB5A-43DF-A5BA-6CAC51E06A93} = {659B6E8F-6538-442F-8397-69841E86FDA8}
		{7457F0B9-CD06-49CD-AF99-5DD89BDE5DBB} = {659B6E8F-6538-442F-8397-69841E86FDA8}
		{1AF04CBF-7F74-4E29-9B71-850631E69B5F} = {659B6E8F-6538-442F-8397-69841E86FDA8}
		{1A1B65C4-27FE-45FA-8FC4-4B4EE90BA58F} = {659B6E8F-6538-442F-8397-69841E86FDA8}
		{A38FBFC9-C2DE-449D-A904-90A2E22D3FDE} = {619C66F0-DA77-426B-94F6-DA03F723A292}
		{5A816A60-5B21-45CA-A9A6-1E875785B768} = {619C66F0-DA77-426B-94F6-DA03F723A292}
		{521EFAB2-1E18-4186-A467-131EB18E4C78} = {619C66F0-DA77-426B-94F6-DA03F723A292}
		{3671EA94-C3F5-49FF-A5FF-26ECFA04489A} = {619C66F0-DA77-426B-94F6-DA03F723A292}
		{B6021A9B-9148-493F-9E34-33541E929B8C} = {FD67E797-0539-455C-A75E-AF62EF85AD92}
	EndGlobalSection
	GlobalSection(ProjectConfigurationPlatforms) = postSolution
		{952718E9-7ACA-4485-9AAC-556EEC8CC4EA}.Debug|Any CPU.ActiveCfg = Debug|Any CPU
		{952718E9-7ACA-4485-9AAC-556EEC8CC4EA}.Debug|Any CPU.Build.0 = Debug|Any CPU
		{952718E9-7ACA-4485-9AAC-556EEC8CC4EA}.Release|Any CPU.ActiveCfg = Release|Any CPU
		{952718E9-7ACA-4485-9AAC-556EEC8CC4EA}.Release|Any CPU.Build.0 = Release|Any CPU
		{C4C78101-CD72-45B7-AA0A-52EBA66A3531}.Debug|Any CPU.ActiveCfg = Debug|Any CPU
		{C4C78101-CD72-45B7-AA0A-52EBA66A3531}.Debug|Any CPU.Build.0 = Debug|Any CPU
		{C4C78101-CD72-45B7-AA0A-52EBA66A3531}.Release|Any CPU.ActiveCfg = Release|Any CPU
		{C4C78101-CD72-45B7-AA0A-52EBA66A3531}.Release|Any CPU.Build.0 = Release|Any CPU
		{A6F275D5-2388-48CD-90CE-5E4AFF4E30D8}.Debug|Any CPU.ActiveCfg = Debug|Any CPU
		{A6F275D5-2388-48CD-90CE-5E4AFF4E30D8}.Debug|Any CPU.Build.0 = Debug|Any CPU
		{A6F275D5-2388-48CD-90CE-5E4AFF4E30D8}.Release|Any CPU.ActiveCfg = Release|Any CPU
		{A6F275D5-2388-48CD-90CE-5E4AFF4E30D8}.Release|Any CPU.Build.0 = Release|Any CPU
		{53187342-128F-4318-B4D9-2AFFF7D8FF41}.Debug|Any CPU.ActiveCfg = Debug|Any CPU
		{53187342-128F-4318-B4D9-2AFFF7D8FF41}.Debug|Any CPU.Build.0 = Debug|Any CPU
		{53187342-128F-4318-B4D9-2AFFF7D8FF41}.Release|Any CPU.ActiveCfg = Release|Any CPU
		{53187342-128F-4318-B4D9-2AFFF7D8FF41}.Release|Any CPU.Build.0 = Release|Any CPU
		{C5394D23-FB5A-43DF-A5BA-6CAC51E06A93}.Debug|Any CPU.ActiveCfg = Debug|Any CPU
		{C5394D23-FB5A-43DF-A5BA-6CAC51E06A93}.Debug|Any CPU.Build.0 = Debug|Any CPU
		{C5394D23-FB5A-43DF-A5BA-6CAC51E06A93}.Release|Any CPU.ActiveCfg = Release|Any CPU
		{C5394D23-FB5A-43DF-A5BA-6CAC51E06A93}.Release|Any CPU.Build.0 = Release|Any CPU
		{7457F0B9-CD06-49CD-AF99-5DD89BDE5DBB}.Debug|Any CPU.ActiveCfg = Debug|Any CPU
		{7457F0B9-CD06-49CD-AF99-5DD89BDE5DBB}.Debug|Any CPU.Build.0 = Debug|Any CPU
		{7457F0B9-CD06-49CD-AF99-5DD89BDE5DBB}.Release|Any CPU.ActiveCfg = Release|Any CPU
		{7457F0B9-CD06-49CD-AF99-5DD89BDE5DBB}.Release|Any CPU.Build.0 = Release|Any CPU
		{1AF04CBF-7F74-4E29-9B71-850631E69B5F}.Debug|Any CPU.ActiveCfg = Debug|Any CPU
		{1AF04CBF-7F74-4E29-9B71-850631E69B5F}.Debug|Any CPU.Build.0 = Debug|Any CPU
		{1AF04CBF-7F74-4E29-9B71-850631E69B5F}.Release|Any CPU.ActiveCfg = Release|Any CPU
		{1AF04CBF-7F74-4E29-9B71-850631E69B5F}.Release|Any CPU.Build.0 = Release|Any CPU
		{1A1B65C4-27FE-45FA-8FC4-4B4EE90BA58F}.Debug|Any CPU.ActiveCfg = Debug|Any CPU
		{1A1B65C4-27FE-45FA-8FC4-4B4EE90BA58F}.Debug|Any CPU.Build.0 = Debug|Any CPU
		{1A1B65C4-27FE-45FA-8FC4-4B4EE90BA58F}.Release|Any CPU.ActiveCfg = Release|Any CPU
		{1A1B65C4-27FE-45FA-8FC4-4B4EE90BA58F}.Release|Any CPU.Build.0 = Release|Any CPU
		{A38FBFC9-C2DE-449D-A904-90A2E22D3FDE}.Debug|Any CPU.ActiveCfg = Debug|Any CPU
		{A38FBFC9-C2DE-449D-A904-90A2E22D3FDE}.Debug|Any CPU.Build.0 = Debug|Any CPU
		{A38FBFC9-C2DE-449D-A904-90A2E22D3FDE}.Release|Any CPU.ActiveCfg = Release|Any CPU
		{A38FBFC9-C2DE-449D-A904-90A2E22D3FDE}.Release|Any CPU.Build.0 = Release|Any CPU
		{5A816A60-5B21-45CA-A9A6-1E875785B768}.Debug|Any CPU.ActiveCfg = Debug|Any CPU
		{5A816A60-5B21-45CA-A9A6-1E875785B768}.Debug|Any CPU.Build.0 = Debug|Any CPU
		{5A816A60-5B21-45CA-A9A6-1E875785B768}.Release|Any CPU.ActiveCfg = Release|Any CPU
		{5A816A60-5B21-45CA-A9A6-1E875785B768}.Release|Any CPU.Build.0 = Release|Any CPU
		{521EFAB2-1E18-4186-A467-131EB18E4C78}.Debug|Any CPU.ActiveCfg = Debug|Any CPU
		{521EFAB2-1E18-4186-A467-131EB18E4C78}.Debug|Any CPU.Build.0 = Debug|Any CPU
		{521EFAB2-1E18-4186-A467-131EB18E4C78}.Release|Any CPU.ActiveCfg = Release|Any CPU
		{521EFAB2-1E18-4186-A467-131EB18E4C78}.Release|Any CPU.Build.0 = Release|Any CPU
		{3671EA94-C3F5-49FF-A5FF-26ECFA04489A}.Debug|Any CPU.ActiveCfg = Debug|Any CPU
		{3671EA94-C3F5-49FF-A5FF-26ECFA04489A}.Debug|Any CPU.Build.0 = Debug|Any CPU
		{3671EA94-C3F5-49FF-A5FF-26ECFA04489A}.Release|Any CPU.ActiveCfg = Release|Any CPU
		{3671EA94-C3F5-49FF-A5FF-26ECFA04489A}.Release|Any CPU.Build.0 = Release|Any CPU
		{B6021A9B-9148-493F-9E34-33541E929B8C}.Debug|Any CPU.ActiveCfg = Debug|Any CPU
		{B6021A9B-9148-493F-9E34-33541E929B8C}.Debug|Any CPU.Build.0 = Debug|Any CPU
		{B6021A9B-9148-493F-9E34-33541E929B8C}.Release|Any CPU.ActiveCfg = Release|Any CPU
		{B6021A9B-9148-493F-9E34-33541E929B8C}.Release|Any CPU.Build.0 = Release|Any CPU
	EndGlobalSection
EndGlobal
